{
  "name": "orangecount-visual-harness",
  "lockfileVersion": 3,
  "requires": true,
  "packages": {
    "": {
      "name": "orangecount-visual-harness",
      "dependencies": {
        "@codemirror/autocomplete": "^6.20.3",
        "@codemirror/commands": "^6.10.4",
        "@codemirror/language": "^6.12.4",
        "@codemirror/lint": "^6.9.7",
        "@codemirror/search": "^6.7.1",
        "@codemirror/state": "^6.7.1",
        "@codemirror/view": "^6.43.8",
        "@lezer/common": "^1.5.2",
        "@lezer/highlight": "^1.2.3",
        "d3-array": "^3.2.4",
        "d3-axis": "^3.0.0",
        "d3-format": "^3.1.2",
        "d3-interpolate": "^3.0.1",
        "d3-scale": "^4.0.2",
        "d3-shape": "^3.2.0",
        "web-tree-sitter": "^0.26.11"
      },
      "devDependencies": {
        "@fontsource/fira-mono": "5.2.7",
        "@fontsource/fira-sans": "5.2.7",
        "@fontsource/source-code-pro": "5.2.7",
        "@playwright/test": "1.52.0",
        "esbuild": "0.27.0",
        "esbuild-svelte": "0.9.0",
        "svelte": "5.11.3",
        "typescript": "5.6.2"
      },
      "engines": {
        "node": ">=22.18 <24"
      }
    },
    "node_modules/@ampproject/remapping": {
      "version": "2.3.0",
      "resolved": "https://registry.npmjs.org/@ampproject/remapping/-/remapping-2.3.0.tgz",
      "integrity": "sha512-30iZtAPgz+LTIYoeivqYo853f02jBYSd5uGnGpkFV0M3xOt9aN73erkgYAmZU43x4VfqcnLxW9Kpg3R5LC4YYw==",
      "dev": true,
      "license": "Apache-2.0",
      "dependencies": {
        "@jridgewell/gen-mapping": "^0.3.5",
        "@jridgewell/trace-mapping": "^0.3.24"
      },
      "engines": {
        "node": ">=6.0.0"
      }
    },
    "node_modules/@codemirror/autocomplete": {
      "version": "6.20.3",
      "resolved": "https://registry.npmjs.org/@codemirror/autocomplete/-/autocomplete-6.20.3.tgz",
      "integrity": "sha512-tlosUqb+3BbxCxZdu4tKeRghPFC+QM7q4X5YhKV2eCmPG+1r2F3f4AaSz5sCrFqUtX4Jh20VFTKecl16MgiV9g==",
      "license": "MIT",
      "dependencies": {
        "@codemirror/language": "^6.0.0",
        "@codemirror/state": "^6.0.0",
        "@codemirror/view": "^6.17.0",
        "@lezer/common": "^1.0.0"
      }
    },
    "node_modules/@codemirror/commands": {
      "version": "6.10.4",
      "resolved": "https://registry.npmjs.org/@codemirror/commands/-/commands-6.10.4.tgz",
      "integrity": "sha512-Ryk9y9T0FFVF0cUGhAknveAyUOl/A1qReTFi+qPKtOh2Z9F4AUBz3XOrYD4ZEgZirdugVzHvd/2/Wcwy5OliTg==",
      "license": "MIT",
      "dependencies": {
        "@codemirror/language": "^6.0.0",
        "@codemirror/state": "^6.7.0",
        "@codemirror/view": "^6.27.0",
        "@lezer/common": "^1.1.0"
      }
    },
    "node_modules/@codemirror/language": {
      "version": "6.12.4",
      "resolved": "https://registry.npmjs.org/@codemirror/language/-/language-6.12.4.tgz",
      "integrity": "sha512-1q4PaT+o6PbgpkJt4Q8Fv5XJxTy4FUZ4MWETtyiDw3J0Pyr9E2vqcKL+k9wcvjNTIsauxvE7OfmWj3FRPHQ76A==",
      "license": "MIT",
      "dependencies": {
        "@codemirror/state": "^6.0.0",
        "@codemirror/view": "^6.23.0",
        "@lezer/common": "^1.5.0",
        "@lezer/highlight": "^1.0.0",
        "@lezer/lr": "^1.0.0",
        "style-mod": "^4.0.0"
      }
    },
    "node_modules/@codemirror/lint": {
      "version": "6.9.7",
      "resolved": "https://registry.npmjs.org/@codemirror/lint/-/lint-6.9.7.tgz",
      "integrity": "sha512-28/+iWLYxKxsvGYhSYL7zaCZqLz5+FFFDq9tVsvGv9kv8RY4fFAchJ5WX9M3YrrRlTIsECjsXPqeNgnSmNP2dg==",
      "license": "MIT",
      "dependencies": {
        "@codemirror/state": "^6.0.0",
        "@codemirror/view": "^6.42.0",
        "crelt": "^1.0.5"
      }
    },
    "node_modules/@codemirror/search": {
      "version": "6.7.1",
      "resolved": "https://registry.npmjs.org/@codemirror/search/-/search-6.7.1.tgz",
      "integrity": "sha512-uMe5UO6PamJtSHrXhhHOzSX3ReWtiJrva6GnPMwSOrZtiExb5X5eExhr2OUZQVvdxPsKpY3Ro2mFbQadpPWmHA==",
      "license": "MIT",
      "dependencies": {
        "@codemirror/state": "^6.0.0",
        "@codemirror/view": "^6.37.0",
        "crelt": "^1.0.5"
      }
    },
    "node_modules/@codemirror/state": {
      "version": "6.7.1",
      "resolved": "https://registry.npmjs.org/@codemirror/state/-/state-6.7.1.tgz",
      "integrity": "sha512-9QzNDgE4EYDnAHfrTlR2lwiPciiOymLtwKK+8yHQzCc7GXhAP9xdEbEJFy2IWB1j9UGUl9BsgMmTo/ImA02T7A==",
      "license": "MIT",
      "dependencies": {
        "@marijn/find-cluster-break": "^1.0.0"
      }
    },
    "node_modules/@codemirror/view": {
      "version": "6.43.8",
      "resolved": "https://registry.npmjs.org/@codemirror/view/-/view-6.43.8.tgz",
      "integrity": "sha512-qtItTDssZ/5GFfi94hrILu9j/VUeFPDPkhovEfmWFj2ipTxnzPB8DdHgfbb8HYTzLTYhrndKmyQxXUz/PDLenw==",
      "license": "MIT",
      "dependencies": {
        "@codemirror/state": "^6.7.0",
        "crelt": "^1.0.6",
        "style-mod": "^4.1.0",
        "w3c-keyname": "^2.2.4"
      }
    },
    "node_modules/@esbuild/aix-ppc64": {
      "version": "0.27.0",
      "resolved": "https://registry.npmjs.org/@esbuild/aix-ppc64/-/aix-ppc64-0.27.0.tgz",
      "integrity": "sha512-KuZrd2hRjz01y5JK9mEBSD3Vj3mbCvemhT466rSuJYeE/hjuBrHfjjcjMdTm/sz7au+++sdbJZJmuBwQLuw68A==",
      "cpu": [
        "ppc64"
      ],
      "dev": true,
      "license": "MIT",
      "optional": true,
      "os": [
        "aix"
      ],
      "engines": {
        "node": ">=18"
      }
    },
    "node_modules/@esbuild/android-arm": {
      "version": "0.27.0",
      "resolved": "https://registry.npmjs.org/@esbuild/android-arm/-/android-arm-0.27.0.tgz",
      "integrity": "sha512-j67aezrPNYWJEOHUNLPj9maeJte7uSMM6gMoxfPC9hOg8N02JuQi/T7ewumf4tNvJadFkvLZMlAq73b9uwdMyQ==",
      "cpu": [
        "arm"
      ],
      "dev": true,
      "license": "MIT",
      "optional": true,
      "os": [
        "android"
      ],
      "engines": {
        "node": ">=18"
      }
    },
    "node_modules/@esbuild/android-arm64": {
      "version": "0.27.0",
      "resolved": "https://registry.npmjs.org/@esbuild/android-arm64/-/android-arm64-0.27.0.tgz",
      "integrity": "sha512-CC3vt4+1xZrs97/PKDkl0yN7w8edvU2vZvAFGD16n9F0Cvniy5qvzRXjfO1l94efczkkQE6g1x0i73Qf5uthOQ==",
      "cpu": [
        "arm64"
      ],
      "dev": true,
      "license": "MIT",
      "optional": true,
      "os": [
        "android"
      ],
      "engines": {
        "node": ">=18"
      }
    },
    "node_modules/@esbuild/android-x64": {
      "version": "0.27.0",
      "resolved": "https://registry.npmjs.org/@esbuild/android-x64/-/android-x64-0.27.0.tgz",
      "integrity": "sha512-wurMkF1nmQajBO1+0CJmcN17U4BP6GqNSROP8t0X/Jiw2ltYGLHpEksp9MpoBqkrFR3kv2/te6Sha26k3+yZ9Q==",
      "cpu": [
        "x64"
      ],
      "dev": true,
      "license": "MIT",
      "optional": true,
      "os": [
        "android"
      ],
      "engines": {
        "node": ">=18"
      }
    },
    "node_modules/@esbuild/darwin-arm64": {
      "version": "0.27.0",
      "resolved": "https://registry.npmjs.org/@esbuild/darwin-arm64/-/darwin-arm64-0.27.0.tgz",
      "integrity": "sha512-uJOQKYCcHhg07DL7i8MzjvS2LaP7W7Pn/7uA0B5S1EnqAirJtbyw4yC5jQ5qcFjHK9l6o/MX9QisBg12kNkdHg==",
      "cpu": [
        "arm64"
      ],
      "dev": true,
      "license": "MIT",
      "optional": true,
      "os": [
        "darwin"
      ],
      "engines": {
        "node": ">=18"
      }
    },
    "node_modules/@esbuild/darwin-x64": {
      "version": "0.27.0",
      "resolved": "https://registry.npmjs.org/@esbuild/darwin-x64/-/darwin-x64-0.27.0.tgz",
      "integrity": "sha512-8mG6arH3yB/4ZXiEnXof5MK72dE6zM9cDvUcPtxhUZsDjESl9JipZYW60C3JGreKCEP+p8P/72r69m4AZGJd5g==",
      "cpu": [
        "x64"
      ],
      "dev": true,
      "license": "MIT",
      "optional": true,
      "os": [
        "darwin"
      ],
      "engines": {
        "node": ">=18"
      }
    },
    "node_modules/@esbuild/freebsd-arm64": {
      "version": "0.27.0",
      "resolved": "https://registry.npmjs.org/@esbuild/freebsd-arm64/-/freebsd-arm64-0.27.0.tgz",
      "integrity": "sha512-9FHtyO988CwNMMOE3YIeci+UV+x5Zy8fI2qHNpsEtSF83YPBmE8UWmfYAQg6Ux7Gsmd4FejZqnEUZCMGaNQHQw==",
      "cpu": [
        "arm64"
      ],
      "dev": true,
      "license": "MIT",
      "optional": true,
      "os": [
        "freebsd"
      ],
      "engines": {
        "node": ">=18"
      }
    },
    "node_modules/@esbuild/freebsd-x64": {
      "version": "0.27.0",
      "resolved": "https://registry.npmjs.org/@esbuild/freebsd-x64/-/freebsd-x64-0.27.0.tgz",
      "integrity": "sha512-zCMeMXI4HS/tXvJz8vWGexpZj2YVtRAihHLk1imZj4efx1BQzN76YFeKqlDr3bUWI26wHwLWPd3rwh6pe4EV7g==",
      "cpu": [
        "x64"
      ],
      "dev": true,
      "license": "MIT",
      "optional": true,
      "os": [
        "freebsd"
      ],
      "engines": {
        "node": ">=18"
      }
    },
    "node_modules/@esbuild/linux-arm": {
      "version": "0.27.0",
      "resolved": "https://registry.npmjs.org/@esbuild/linux-arm/-/linux-arm-0.27.0.tgz",
      "integrity": "sha512-t76XLQDpxgmq2cNXKTVEB7O7YMb42atj2Re2Haf45HkaUpjM2J0UuJZDuaGbPbamzZ7bawyGFUkodL+zcE+jvQ==",
      "cpu": [
        "arm"
      ],
      "dev": true,
      "license": "MIT",
      "optional": true,
      "os": [
        "linux"
      ],
      "engines": {
        "node": ">=18"
      }
    },
    "node_modules/@esbuild/linux-arm64": {
      "version": "0.27.0",
      "resolved": "https://registry.npmjs.org/@esbuild/linux-arm64/-/linux-arm64-0.27.0.tgz",
      "integrity": "sha512-AS18v0V+vZiLJyi/4LphvBE+OIX682Pu7ZYNsdUHyUKSoRwdnOsMf6FDekwoAFKej14WAkOef3zAORJgAtXnlQ==",
      "cpu": [
        "arm64"
      ],
      "dev": true,
      "license": "MIT",
      "optional": true,
      "os": [
        "linux"
      ],
      "engines": {
        "node": ">=18"
      }
    },
    "node_modules/@esbuild/linux-ia32": {
      "version": "0.27.0",
      "resolved": "https://registry.npmjs.org/@esbuild/linux-ia32/-/linux-ia32-0.27.0.tgz",
      "integrity": "sha512-Mz1jxqm/kfgKkc/KLHC5qIujMvnnarD9ra1cEcrs7qshTUSksPihGrWHVG5+osAIQ68577Zpww7SGapmzSt4Nw==",
      "cpu": [
        "ia32"
      ],
      "dev": true,
      "license": "MIT",
      "optional": true,
      "os": [
        "linux"
      ],
      "engines": {
        "node": ">=18"
      }
    },
    "node_modules/@esbuild/linux-loong64": {
      "version": "0.27.0",
      "resolved": "https://registry.npmjs.org/@esbuild/linux-loong64/-/linux-loong64-0.27.0.tgz",
      "integrity": "sha512-QbEREjdJeIreIAbdG2hLU1yXm1uu+LTdzoq1KCo4G4pFOLlvIspBm36QrQOar9LFduavoWX2msNFAAAY9j4BDg==",
      "cpu": [
        "loong64"
      ],
      "dev": true,
      "license": "MIT",
      "optional": true,
      "os": [
        "linux"
      ],
      "engines": {
        "node": ">=18"
      }
    },
    "node_modules/@esbuild/linux-mips64el": {
      "version": "0.27.0",
      "resolved": "https://registry.npmjs.org/@esbuild/linux-mips64el/-/linux-mips64el-0.27.0.tgz",
      "integrity": "sha512-sJz3zRNe4tO2wxvDpH/HYJilb6+2YJxo/ZNbVdtFiKDufzWq4JmKAiHy9iGoLjAV7r/W32VgaHGkk35cUXlNOg==",
      "cpu": [
        "mips64el"
      ],
      "dev": true,
      "license": "MIT",
      "optional": true,
      "os": [
        "linux"
      ],
      "engines": {
        "node": ">=18"
      }
    },
    "node_modules/@esbuild/linux-ppc64": {
      "version": "0.27.0",
      "resolved": "https://registry.npmjs.org/@esbuild/linux-ppc64/-/linux-ppc64-0.27.0.tgz",
      "integrity": "sha512-z9N10FBD0DCS2dmSABDBb5TLAyF1/ydVb+N4pi88T45efQ/w4ohr/F/QYCkxDPnkhkp6AIpIcQKQ8F0ANoA2JA==",
      "cpu": [
        "ppc64"
      ],
      "dev": true,
      "license": "MIT",
      "optional": true,
      "os": [
        "linux"
      ],
      "engines": {
        "node": ">=18"
      }
    },
    "node_modules/@esbuild/linux-riscv64": {
      "version": "0.27.0",
      "resolved": "https://registry.npmjs.org/@esbuild/linux-riscv64/-/linux-riscv64-0.27.0.tgz",
      "integrity": "sha512-pQdyAIZ0BWIC5GyvVFn5awDiO14TkT/19FTmFcPdDec94KJ1uZcmFs21Fo8auMXzD4Tt+diXu1LW1gHus9fhFQ==",
      "cpu": [
        "riscv64"
      ],
      "dev": true,
      "license": "MIT",
      "optional": true,
      "os": [
        "linux"
      ],
      "engines": {
        "node": ">=18"
      }
    },
    "node_modules/@esbuild/linux-s390x": {
      "version": "0.27.0",
      "resolved": "https://registry.npmjs.org/@esbuild/linux-s390x/-/linux-s390x-0.27.0.tgz",
      "integrity": "sha512-hPlRWR4eIDDEci953RI1BLZitgi5uqcsjKMxwYfmi4LcwyWo2IcRP+lThVnKjNtk90pLS8nKdroXYOqW+QQH+w==",
      "cpu": [
        "s390x"
      ],
      "dev": true,
      "license": "MIT",
      "optional": true,
      "os": [
        "linux"
      ],
      "engines": {
        "node": ">=18"
      }
    },
    "node_modules/@esbuild/linux-x64": {
      "version": "0.27.0",
      "resolved": "https://registry.npmjs.org/@esbuild/linux-x64/-/linux-x64-0.27.0.tgz",
      "integrity": "sha512-1hBWx4OUJE2cab++aVZ7pObD6s+DK4mPGpemtnAORBvb5l/g5xFGk0vc0PjSkrDs0XaXj9yyob3d14XqvnQ4gw==",
      "cpu": [
        "x64"
      ],
      "dev": true,
      "license": "MIT",
      "optional": true,
      "os": [
        "linux"
      ],
      "engines": {
        "node": ">=18"
      }
    },
    "node_modules/@esbuild/netbsd-arm64": {
      "version": "0.27.0",
      "resolved": "https://registry.npmjs.org/@esbuild/netbsd-arm64/-/netbsd-arm64-0.27.0.tgz",
      "integrity": "sha512-6m0sfQfxfQfy1qRuecMkJlf1cIzTOgyaeXaiVaaki8/v+WB+U4hc6ik15ZW6TAllRlg/WuQXxWj1jx6C+dfy3w==",
      "cpu": [
        "arm64"
      ],
      "dev": true,
      "license": "MIT",
      "optional": true,
      "os": [
        "netbsd"
      ],
      "engines": {
        "node": ">=18"
      }
    },
    "node_modules/@esbuild/netbsd-x64": {
      "version": "0.27.0",
      "resolved": "https://registry.npmjs.org/@esbuild/netbsd-x64/-/netbsd-x64-0.27.0.tgz",
      "integrity": "sha512-xbbOdfn06FtcJ9d0ShxxvSn2iUsGd/lgPIO2V3VZIPDbEaIj1/3nBBe1AwuEZKXVXkMmpr6LUAgMkLD/4D2PPA==",
      "cpu": [
        "x64"
      ],
      "dev": true,
      "license": "MIT",
      "optional": true,
      "os": [
        "netbsd"
      ],
      "engines": {
        "node": ">=18"
      }
    },
    "node_modules/@esbuild/openbsd-arm64": {
      "version": "0.27.0",
      "resolved": "https://registry.npmjs.org/@esbuild/openbsd-arm64/-/openbsd-arm64-0.27.0.tgz",
      "integrity": "sha512-fWgqR8uNbCQ/GGv0yhzttj6sU/9Z5/Sv/VGU3F5OuXK6J6SlriONKrQ7tNlwBrJZXRYk5jUhuWvF7GYzGguBZQ==",
      "cpu": [
        "arm64"
      ],
      "dev": true,
      "license": "MIT",
      "optional": true,
      "os": [
        "openbsd"
      ],
      "engines": {
        "node": ">=18"
      }
    },
    "node_modules/@esbuild/openbsd-x64": {
      "version": "0.27.0",
      "resolved": "https://registry.npmjs.org/@esbuild/openbsd-x64/-/openbsd-x64-0.27.0.tgz",
      "integrity": "sha512-aCwlRdSNMNxkGGqQajMUza6uXzR/U0dIl1QmLjPtRbLOx3Gy3otfFu/VjATy4yQzo9yFDGTxYDo1FfAD9oRD2A==",
      "cpu": [
        "x64"
      ],
      "dev": true,
      "license": "MIT",
      "optional": true,
      "os": [
        "openbsd"
      ],
      "engines": {
        "node": ">=18"
      }
    },
    "node_modules/@esbuild/openharmony-arm64": {
      "version": "0.27.0",
      "resolved": "https://registry.npmjs.org/@esbuild/openharmony-arm64/-/openharmony-arm64-0.27.0.tgz",
      "integrity": "sha512-nyvsBccxNAsNYz2jVFYwEGuRRomqZ149A39SHWk4hV0jWxKM0hjBPm3AmdxcbHiFLbBSwG6SbpIcUbXjgyECfA==",
      "cpu": [
        "arm64"
      ],
      "dev": true,
      "license": "MIT",
      "optional": true,
      "os": [
        "openharmony"
      ],
      "engines": {
        "node": ">=18"
      }
    },
    "node_modules/@esbuild/sunos-x64": {
      "version": "0.27.0",
      "resolved": "https://registry.npmjs.org/@esbuild/sunos-x64/-/sunos-x64-0.27.0.tgz",
      "integrity": "sha512-Q1KY1iJafM+UX6CFEL+F4HRTgygmEW568YMqDA5UV97AuZSm21b7SXIrRJDwXWPzr8MGr75fUZPV67FdtMHlHA==",
      "cpu": [
        "x64"
      ],
      "dev": true,
      "license": "MIT",
      "optional": true,
      "os": [
        "sunos"
      ],
      "engines": {
        "node": ">=18"
      }
    },
    "node_modules/@esbuild/win32-arm64": {
      "version": "0.27.0",
      "resolved": "https://registry.npmjs.org/@esbuild/win32-arm64/-/win32-arm64-0.27.0.tgz",
      "integrity": "sha512-W1eyGNi6d+8kOmZIwi/EDjrL9nxQIQ0MiGqe/AWc6+IaHloxHSGoeRgDRKHFISThLmsewZ5nHFvGFWdBYlgKPg==",
      "cpu": [
        "arm64"
      ],
      "dev": true,
      "license": "MIT",
      "optional": true,
      "os": [
        "win32"
      ],
      "engines": {
        "node": ">=18"
      }
    },
    "node_modules/@esbuild/win32-ia32": {
      "version": "0.27.0",
      "resolved": "https://registry.npmjs.org/@esbuild/win32-ia32/-/win32-ia32-0.27.0.tgz",
      "integrity": "sha512-30z1aKL9h22kQhilnYkORFYt+3wp7yZsHWus+wSKAJR8JtdfI76LJ4SBdMsCopTR3z/ORqVu5L1vtnHZWVj4cQ==",
      "cpu": [
        "ia32"
      ],
      "dev": true,
      "license": "MIT",
      "optional": true,
      "os": [
        "win32"
      ],
      "engines": {
        "node": ">=18"
      }
    },
    "node_modules/@esbuild/win32-x64": {
      "version": "0.27.0",
      "resolved": "https://registry.npmjs.org/@esbuild/win32-x64/-/win32-x64-0.27.0.tgz",
      "integrity": "sha512-aIitBcjQeyOhMTImhLZmtxfdOcuNRpwlPNmlFKPcHQYPhEssw75Cl1TSXJXpMkzaua9FUetx/4OQKq7eJul5Cg==",
      "cpu": [
        "x64"
      ],
      "dev": true,
      "license": "MIT",
      "optional": true,
      "os": [
        "win32"
      ],
      "engines": {
        "node": ">=18"
      }
    },
    "node_modules/@fontsource/fira-mono": {
      "version": "5.2.7",
      "resolved": "https://registry.npmjs.org/@fontsource/fira-mono/-/fira-mono-5.2.7.tgz",
      "integrity": "sha512-wYrAn6i3nH6luqQBZxtWUpl4UTUvs9AEbEeZxksPMwIqyjRRaxHTNW3c2VfM50gabS2IS7pT8lVWS2USB4ukYA==",
      "dev": true,
      "license": "OFL-1.1",
      "funding": {
        "url": "https://github.com/sponsors/ayuhito"
      }
    },
    "node_modules/@fontsource/fira-sans": {
      "version": "5.2.7",
      "resolved": "https://registry.npmjs.org/@fontsource/fira-sans/-/fira-sans-5.2.7.tgz",
      "integrity": "sha512-5DE4AealD/VnbwdzMgnpWfCttMQBbteNiK9DCJE7cVwZEbDTPLUoFDMMvxNQ498nZc5in7Mta9c/s+3Ehh0BAg==",
      "dev": true,
      "license": "OFL-1.1",
      "funding": {
        "url": "https://github.com/sponsors/ayuhito"
      }
    },
    "node_modules/@fontsource/source-code-pro": {
      "version": "5.2.7",
      "resolved": "https://registry.npmjs.org/@fontsource/source-code-pro/-/source-code-pro-5.2.7.tgz",
      "integrity": "sha512-7papq9TH94KT+S5VSY8cU7tFmwuGkIe3qxXRMscuAXH6AjMU+KJI75f28FzgBVDrlMfA0jjlTV4/x5+H5o/5EQ==",
      "dev": true,
      "license": "OFL-1.1",
      "funding": {
        "url": "https://github.com/sponsors/ayuhito"
      }
    },
    "node_modules/@jridgewell/gen-mapping": {
      "version": "0.3.13",
      "resolved": "https://registry.npmjs.org/@jridgewell/gen-mapping/-/gen-mapping-0.3.13.tgz",
      "integrity": "sha512-2kkt/7niJ6MgEPxF0bYdQ6etZaA+fQvDcLKckhy1yIQOzaoKjBBjSj63/aLVjYE3qhRt5dvM+uUyfCg6UKCBbA==",
      "dev": true,
      "license": "MIT",
      "dependencies": {
        "@jridgewell/sourcemap-codec": "^1.5.0",
        "@jridgewell/trace-mapping": "^0.3.24"
      }
    },
    "node_modules/@jridgewell/resolve-uri": {
      "version": "3.1.2",
      "resolved": "https://registry.npmjs.org/@jridgewell/resolve-uri/-/resolve-uri-3.1.2.tgz",
      "integrity": "sha512-bRISgCIjP20/tbWSPWMEi54QVPRZExkuD9lJL+UIxUKtwVJA8wW1Trb1jMs1RFXo1CBTNZ/5hpC9QvmKWdopKw==",
      "dev": true,
      "license": "MIT",
      "engines": {
        "node": ">=6.0.0"
      }
    },
    "node_modules/@jridgewell/sourcemap-codec": {
      "version": "1.5.5",
      "resolved": "https://registry.npmjs.org/@jridgewell/sourcemap-codec/-/sourcemap-codec-1.5.5.tgz",
      "integrity": "sha512-cYQ9310grqxueWbl+WuIUIaiUaDcj7WOq5fVhEljNVgRfOUhY9fy2zTvfoqWsnebh8Sl70VScFbICvJnLKB0Og==",
      "dev": true,
      "license": "MIT"
    },
    "node_modules/@jridgewell/trace-mapping": {
      "version": "0.3.31",
      "resolved": "https://registry.npmjs.org/@jridgewell/trace-mapping/-/trace-mapping-0.3.31.tgz",
      "integrity": "sha512-zzNR+SdQSDJzc8joaeP8QQoCQr8NuYx2dIIytl1QeBEZHJ9uW6hebsrYgbz8hJwUQao3TWCMtmfV8Nu1twOLAw==",
      "dev": true,
      "license": "MIT",
      "dependencies": {
        "@jridgewell/resolve-uri": "^3.1.0",
        "@jridgewell/sourcemap-codec": "^1.4.14"
      }
    },
    "node_modules/@lezer/common": {
      "version": "1.5.2",
      "resolved": "https://registry.npmjs.org/@lezer/common/-/common-1.5.2.tgz",
      "integrity": "sha512-sxQE460fPZyU3sdc8lafxiPwJHBzZRy/udNFynGQky1SePYBdhkBl1kOagA9uT3pxR8K09bOrmTUqA9wb/PjSQ==",
      "license": "MIT"
    },
    "node_modules/@lezer/highlight": {
      "version": "1.2.3",
      "resolved": "https://registry.npmjs.org/@lezer/highlight/-/highlight-1.2.3.tgz",
      "integrity": "sha512-qXdH7UqTvGfdVBINrgKhDsVTJTxactNNxLk7+UMwZhU13lMHaOBlJe9Vqp907ya56Y3+ed2tlqzys7jDkTmW0g==",
      "license": "MIT",
      "dependencies": {
        "@lezer/common": "^1.3.0"
      }
    },
    "node_modules/@lezer/lr": {
      "version": "1.4.10",
      "resolved": "https://registry.npmjs.org/@lezer/lr/-/lr-1.4.10.tgz",
      "integrity": "sha512-rnCpTIBafOx4mRp43xOxDJbFipJm/c0cia/V5TiGlhmMa+wsSdoGmUN3w5Bqrks/09Q/D4tNAmWaT8p6NRi77A==",
      "license": "MIT",
      "dependencies": {
        "@lezer/common": "^1.0.0"
      }
    },
    "node_modules/@marijn/find-cluster-break": {
      "version": "1.0.3",
      "resolved": "https://registry.npmjs.org/@marijn/find-cluster-break/-/find-cluster-break-1.0.3.tgz",
      "integrity": "sha512-FY+MKLBoTsLNJF/eLWaOsXGdz6uh3Iu1axjPf6TUq92IYumcTcXWHoS747JARLkcdlJ/Waiaxc5wQfFO8jC6NA==",
      "license": "MIT"
    },
    "node_modules/@playwright/test": {
      "version": "1.52.0",
      "resolved": "https://registry.npmjs.org/@playwright/test/-/test-1.52.0.tgz",
      "integrity": "sha512-uh6W7sb55hl7D6vsAeA+V2p5JnlAqzhqFyF0VcJkKZXkgnFcVG9PziERRHQfPLfNGx1C292a4JqbWzhR8L4R1g==",
      "dev": true,
      "license": "Apache-2.0",
      "dependencies": {
        "playwright": "1.52.0"
      },
      "bin": {
        "playwright": "cli.js"
      },
      "engines": {
        "node": ">=18"
      }
    },
    "node_modules/@types/estree": {
      "version": "1.0.9",
      "resolved": "https://registry.npmjs.org/@types/estree/-/estree-1.0.9.tgz",
      "integrity": "sha512-GhdPgy1el4/ImP05X05Uw4cw2/M93BCUmnEvWZNStlCzEKME4Fkk+YpoA5OiHNQmoS7Cafb8Xa3Pya8m1Qrzeg==",
      "dev": true,
      "license": "MIT"
    },
    "node_modules/acorn": {
      "version": "8.18.0",
      "resolved": "https://registry.npmjs.org/acorn/-/acorn-8.18.0.tgz",
      "integrity": "sha512-lGq+9yr1/GuAWaVYIHRjvvySG5/4VfKIvC8EWxStPdcDh/Ka7FG3twP6v4d5BkravUilhIAsG4Qj83t02LWUPQ==",
      "dev": true,
      "license": "MIT",
      "bin": {
        "acorn": "bin/acorn"
      },
      "engines": {
        "node": ">=0.4.0"
      }
    },
    "node_modules/acorn-typescript": {
      "version": "1.4.13",
      "resolved": "https://registry.npmjs.org/acorn-typescript/-/acorn-typescript-1.4.13.tgz",
      "integrity": "sha512-xsc9Xv0xlVfwp2o7sQ+GCQ1PgbkdcpWdTzrwXxO3xDMTAywVS3oXVOcOHuRjAPkS4P9b+yc/qNF15460v+jp4Q==",
      "dev": true,
      "license": "MIT",
      "peerDependencies": {
        "acorn": ">=8.9.0"
      }
    },
    "node_modules/aria-query": {
      "version": "5.3.2",
      "resolved": "https://registry.npmjs.org/aria-query/-/aria-query-5.3.2.tgz",
      "integrity": "sha512-COROpnaoap1E2F000S62r6A60uHZnmlvomhfyT2DlTcrY1OrBKn2UhH7qn5wTC9zMvD0AY7csdPSNwKP+7WiQw==",
      "dev": true,
      "license": "Apache-2.0",
      "engines": {
        "node": ">= 0.4"
      }
    },
    "node_modules/axobject-query": {
      "version": "4.1.0",
      "resolved": "https://registry.npmjs.org/axobject-query/-/axobject-query-4.1.0.tgz",
      "integrity": "sha512-qIj0G9wZbMGNLjLmg1PT6v2mE9AH2zlnADJD/2tC6E00hgmhUOfEB6greHPAfLRSufHqROIUTkw6E+M3lH0PTQ==",
      "dev": true,
      "license": "Apache-2.0",
      "engines": {
        "node": ">= 0.4"
      }
    },
    "node_modules/crelt": {
      "version": "1.0.7",
      "resolved": "https://registry.npmjs.org/crelt/-/crelt-1.0.7.tgz",
      "integrity": "sha512-aK6BbWfhf4U/wCcLHKPJl/xa6VkVstRaPywWtMKGwuOLc/wZTyQYuoxgvZnNsBvv7Kg3YTBQYYBCggcviQczuA==",
      "license": "MIT"
    },
    "node_modules/d3-array": {
      "version": "3.2.4",
      "resolved": "https://registry.npmjs.org/d3-array/-/d3-array-3.2.4.tgz",
      "integrity": "sha512-tdQAmyA18i4J7wprpYq8ClcxZy3SC31QMeByyCFyRt7BVHdREQZ5lpzoe5mFEYZUWe+oq8HBvk9JjpibyEV4Jg==",
      "license": "ISC",
      "dependencies": {
        "internmap": "1 - 2"
      },
      "engines": {
        "node": ">=12"
      }
    },
    "node_modules/d3-axis": {
      "version": "3.0.0",
      "resolved": "https://registry.npmjs.org/d3-axis/-/d3-axis-3.0.0.tgz",
      "integrity": "sha512-IH5tgjV4jE/GhHkRV0HiVYPDtvfjHQlQfJHs0usq7M30XcSBvOotpmH1IgkcXsO/5gEQZD43B//fc7SRT5S+xw==",
      "license": "ISC",
      "engines": {
        "node": ">=12"
      }
    },
    "node_modules/d3-color": {
      "version": "3.1.0",
      "resolved": "https://registry.npmjs.org/d3-color/-/d3-color-3.1.0.tgz",
      "integrity": "sha512-zg/chbXyeBtMQ1LbD/WSoW2DpC3I0mpmPdW+ynRTj/x2DAWYrIY7qeZIHidozwV24m4iavr15lNwIwLxRmOxhA==",
      "license": "ISC",
      "engines": {
        "node": ">=12"
      }
    },
    "node_modules/d3-format": {
      "version": "3.1.2",
      "resolved": "https://registry.npmjs.org/d3-format/-/d3-format-3.1.2.tgz",
      "integrity": "sha512-AJDdYOdnyRDV5b6ArilzCPPwc1ejkHcoyFarqlPqT7zRYjhavcT3uSrqcMvsgh2CgoPbK3RCwyHaVyxYcP2Arg==",
      "license": "ISC",
      "engines": {
        "node": ">=12"
      }
    },
    "node_modules/d3-interpolate": {
      "version": "3.0.1",
      "resolved": "https://registry.npmjs.org/d3-interpolate/-/d3-interpolate-3.0.1.tgz",
      "integrity": "sha512-3bYs1rOD33uo8aqJfKP3JWPAibgw8Zm2+L9vBKEHJ2Rg+viTR7o5Mmv5mZcieN+FRYaAOWX5SJATX6k1PWz72g==",
      "license": "ISC",
      "dependencies": {
        "d3-color": "1 - 3"
      },
      "engines": {
        "node": ">=12"
      }
    },
    "node_modules/d3-path": {
      "version": "3.1.0",
      "resolved": "https://registry.npmjs.org/d3-path/-/d3-path-3.1.0.tgz",
      "integrity": "sha512-p3KP5HCf/bvjBSSKuXid6Zqijx7wIfNW+J/maPs+iwR35at5JCbLUT0LzF1cnjbCHWhqzQTIN2Jpe8pRebIEFQ==",
      "license": "ISC",
      "engines": {
        "node": ">=12"
      }
    },
    "node_modules/d3-scale": {
      "version": "4.0.2",
      "resolved": "https://registry.npmjs.org/d3-scale/-/d3-scale-4.0.2.tgz",
      "integrity": "sha512-GZW464g1SH7ag3Y7hXjf8RoUuAFIqklOAq3MRl4OaWabTFJY9PN/E1YklhXLh+OQ3fM9yS2nOkCoS+WLZ6kvxQ==",
      "license": "ISC",
      "dependencies": {
        "d3-array": "2.10.0 - 3",
        "d3-format": "1 - 3",
        "d3-interpolate": "1.2.0 - 3",
        "d3-time": "2.1.1 - 3",
        "d3-time-format": "2 - 4"
      },
      "engines": {
        "node": ">=12"
      }
    },
    "node_modules/d3-shape": {
      "version": "3.2.0",
      "resolved": "https://registry.npmjs.org/d3-shape/-/d3-shape-3.2.0.tgz",
      "integrity": "sha512-SaLBuwGm3MOViRq2ABk3eLoxwZELpH6zhl3FbAoJ7Vm1gofKx6El1Ib5z23NUEhF9AsGl7y+dzLe5Cw2AArGTA==",
      "license": "ISC",
      "dependencies": {
        "d3-path": "^3.1.0"
      },
      "engines": {
        "node": ">=12"
      }
    },
    "node_modules/d3-time": {
      "version": "3.1.0",
      "resolved": "https://registry.npmjs.org/d3-time/-/d3-time-3.1.0.tgz",
      "integrity": "sha512-VqKjzBLejbSMT4IgbmVgDjpkYrNWUYJnbCGo874u7MMKIWsILRX+OpX/gTk8MqjpT1A/c6HY2dCA77ZN0lkQ2Q==",
      "license": "ISC",
      "dependencies": {
        "d3-array": "2 - 3"
      },
      "engines": {
        "node": ">=12"
      }
    },
    "node_modules/d3-time-format": {
      "version": "4.1.0",
      "resolved": "https://registry.npmjs.org/d3-time-format/-/d3-time-format-4.1.0.tgz",
      "integrity": "sha512-dJxPBlzC7NugB2PDLwo9Q8JiTR3M3e4/XANkreKSUxF8vvXKqm1Yfq4Q5dl8budlunRVlUUaDUgFt7eA8D6NLg==",
      "license": "ISC",
      "dependencies": {
        "d3-time": "1 - 3"
      },
      "engines": {
        "node": ">=12"
      }
    },
    "node_modules/esbuild": {
      "version": "0.27.0",
      "resolved": "https://registry.npmjs.org/esbuild/-/esbuild-0.27.0.tgz",
      "integrity": "sha512-jd0f4NHbD6cALCyGElNpGAOtWxSq46l9X/sWB0Nzd5er4Kz2YTm+Vl0qKFT9KUJvD8+fiO8AvoHhFvEatfVixA==",
      "dev": true,
      "hasInstallScript": true,
      "license": "MIT",
      "bin": {
        "esbuild": "bin/esbuild"
      },
      "engines": {
        "node": ">=18"
      },
      "optionalDependencies": {
        "@esbuild/aix-ppc64": "0.27.0",
        "@esbuild/android-arm": "0.27.0",
        "@esbuild/android-arm64": "0.27.0",
        "@esbuild/android-x64": "0.27.0",
        "@esbuild/darwin-arm64": "0.27.0",
        "@esbuild/darwin-x64": "0.27.0",
        "@esbuild/freebsd-arm64": "0.27.0",
        "@esbuild/freebsd-x64": "0.27.0",
        "@esbuild/linux-arm": "0.27.0",
        "@esbuild/linux-arm64": "0.27.0",
        "@esbuild/linux-ia32": "0.27.0",
        "@esbuild/linux-loong64": "0.27.0",
        "@esbuild/linux-mips64el": "0.27.0",
        "@esbuild/linux-ppc64": "0.27.0",
        "@esbuild/linux-riscv64": "0.27.0",
        "@esbuild/linux-s390x": "0.27.0",
        "@esbuild/linux-x64": "0.27.0",
        "@esbuild/netbsd-arm64": "0.27.0",
        "@esbuild/netbsd-x64": "0.27.0",
        "@esbuild/openbsd-arm64": "0.27.0",
        "@esbuild/openbsd-x64": "0.27.0",
        "@esbuild/openharmony-arm64": "0.27.0",
        "@esbuild/sunos-x64": "0.27.0",
        "@esbuild/win32-arm64": "0.27.0",
        "@esbuild/win32-ia32": "0.27.0",
        "@esbuild/win32-x64": "0.27.0"
      }
    },
    "node_modules/esbuild-svelte": {
      "version": "0.9.0",
      "resolved": "https://registry.npmjs.org/esbuild-svelte/-/esbuild-svelte-0.9.0.tgz",
      "integrity": "sha512-ebGQYTuM4U1Tfx9HdkNtfBjaxY7t7LirlD1yylpSIkhRW+zLzff1wOK1jhuM7ZCnBVCGpt6sGZqiPb5c99KzJg==",
      "dev": true,
      "license": "MIT",
      "dependencies": {
        "@jridgewell/trace-mapping": "^0.3.19"
      },
      "engines": {
        "node": ">=18"
      },
      "peerDependencies": {
        "esbuild": ">=0.17.0",
        "svelte": ">=4.2.1 <6"
      }
    },
    "node_modules/esm-env": {
      "version": "1.2.2",
      "resolved": "https://registry.npmjs.org/esm-env/-/esm-env-1.2.2.tgz",
      "integrity": "sha512-Epxrv+Nr/CaL4ZcFGPJIYLWFom+YeV1DqMLHJoEd9SYRxNbaFruBwfEX/kkHUJf55j2+TUbmDcmuilbP1TmXHA==",
      "dev": true,
      "license": "MIT"
    },
    "node_modules/esrap": {
      "version": "1.4.9",
      "resolved": "https://registry.npmjs.org/esrap/-/esrap-1.4.9.tgz",
      "integrity": "sha512-3OMlcd0a03UGuZpPeUC1HxR3nA23l+HEyCiZw3b3FumJIN9KphoGzDJKMXI1S72jVS1dsenDyQC0kJlO1U9E1g==",
      "dev": true,
      "license": "MIT",
      "dependencies": {
        "@jridgewell/sourcemap-codec": "^1.4.15"
      }
    },
    "node_modules/fsevents": {
      "version": "2.3.2",
      "resolved": "https://registry.npmjs.org/fsevents/-/fsevents-2.3.2.tgz",
      "integrity": "sha512-xiqMQR4xAeHTuB9uWm+fFRcIOgKBMiOBP+eXiyT7jsgVCq1bkVygt00oASowB7EdtpOHaaPgKt812P9ab+DDKA==",
      "dev": true,
      "hasInstallScript": true,
      "license": "MIT",
      "optional": true,
      "os": [
        "darwin"
      ],
      "engines": {
        "node": "^8.16.0 || ^10.6.0 || >=11.0.0"
      }
    },
    "node_modules/internmap": {
      "version": "2.0.3",
      "resolved": "https://registry.npmjs.org/internmap/-/internmap-2.0.3.tgz",
      "integrity": "sha512-5Hh7Y1wQbvY5ooGgPbDaL5iYLAPzMTUrjMulskHLH6wnv/A+1q5rgEaiuqEjB+oxGXIVZs1FF+R/KPN3ZSQYYg==",
      "license": "ISC",
      "engines": {
        "node": ">=12"
      }
    },
    "node_modules/is-reference": {
      "version": "3.0.3",
      "resolved": "https://registry.npmjs.org/is-reference/-/is-reference-3.0.3.tgz",
      "integrity": "sha512-ixkJoqQvAP88E6wLydLGGqCJsrFUnqoH6HnaczB8XmDH1oaWU+xxdptvikTgaEhtZ53Ky6YXiBuUI2WXLMCwjw==",
      "dev": true,
      "license": "MIT",
      "dependencies": {
        "@types/estree": "^1.0.6"
      }
    },
    "node_modules/locate-character": {
      "version": "3.0.0",
      "resolved": "https://registry.npmjs.org/locate-character/-/locate-character-3.0.0.tgz",
      "integrity": "sha512-SW13ws7BjaeJ6p7Q6CO2nchbYEc3X3J6WrmTTDto7yMPqVSZTUyY5Tjbid+Ab8gLnATtygYtiDIJGQRRn2ZOiA==",
      "dev": true,
      "license": "MIT"
    },
    "node_modules/magic-string": {
      "version": "0.30.21",
      "resolved": "https://registry.npmjs.org/magic-string/-/magic-string-0.30.21.tgz",
      "integrity": "sha512-vd2F4YUyEXKGcLHoq+TEyCjxueSeHnFxyyjNp80yg0XV4vUhnDer/lvvlqM/arB5bXQN5K2/3oinyCRyx8T2CQ==",
      "dev": true,
      "license": "MIT",
      "dependencies": {
        "@jridgewell/sourcemap-codec": "^1.5.5"
      }
    },
    "node_modules/playwright": {
      "version": "1.52.0",
      "resolved": "https://registry.npmjs.org/playwright/-/playwright-1.52.0.tgz",
      "integrity": "sha512-JAwMNMBlxJ2oD1kce4KPtMkDeKGHQstdpFPcPH3maElAXon/QZeTvtsfXmTMRyO9TslfoYOXkSsvao2nE1ilTw==",
      "dev": true,
      "license": "Apache-2.0",
      "dependencies": {
        "playwright-core": "1.52.0"
      },
      "bin": {
        "playwright": "cli.js"
      },
      "engines": {
        "node": ">=18"
      },
      "optionalDependencies": {
        "fsevents": "2.3.2"
      }
    },
    "node_modules/playwright-core": {
      "version": "1.52.0",
      "resolved": "https://registry.npmjs.org/playwright-core/-/playwright-core-1.52.0.tgz",
      "integrity": "sha512-l2osTgLXSMeuLZOML9qYODUQoPPnUsKsb5/P6LJ2e6uPKXUdPK5WYhN4z03G+YNbWmGDY4YENauNu4ZKczreHg==",
      "dev": true,
      "license": "Apache-2.0",
      "bin": {
        "playwright-core": "cli.js"
      },
      "engines": {
        "node": ">=18"
      }
    },
    "node_modules/style-mod": {
      "version": "4.1.3",
      "resolved": "https://registry.npmjs.org/style-mod/-/style-mod-4.1.3.tgz",
      "integrity": "sha512-i/n8VsZydrugj3Iuzll8+x/00GH2vnYsk1eomD8QiRrSAeW6ItbCQDtfXCeJHd0iwiNagqjQkvpvREEPtW3IoQ==",
      "license": "MIT"
    },
    "node_modules/svelte": {
      "version": "5.11.3",
      "resolved": "https://registry.npmjs.org/svelte/-/svelte-5.11.3.tgz",
      "integrity": "sha512-yyOB+kc8mP6T6F10wGXcO3nSzGowD6dCOeo9jHEkF01dxQyQKh1KO6yrH3rJzwAdEVX/OSV3MRUwcbWDtHI2ww==",
      "dev": true,
      "license": "MIT",
      "dependencies": {
        "@ampproject/remapping": "^2.3.0",
        "@jridgewell/sourcemap-codec": "^1.5.0",
        "@types/estree": "^1.0.5",
        "acorn": "^8.12.1",
        "acorn-typescript": "^1.4.13",
        "aria-query": "^5.3.1",
        "axobject-query": "^4.1.0",
        "esm-env": "^1.2.1",
        "esrap": "^1.2.3",
        "is-reference": "^3.0.3",
        "locate-character": "^3.0.0",
        "magic-string": "^0.30.11",
        "zimmerframe": "^1.1.2"
      },
      "engines": {
        "node": ">=18"
      }
    },
    "node_modules/typescript": {
      "version": "5.6.2",
      "resolved": "https://registry.npmjs.org/typescript/-/typescript-5.6.2.tgz",
      "integrity": "sha512-NW8ByodCSNCwZeghjN3o+JX5OFH0Ojg6sadjEKY4huZ52TqbJTJnDo5+Tw98lSy63NZvi4n+ez5m2u5d4PkZyw==",
      "dev": true,
      "license": "Apache-2.0",
      "bin": {
        "tsc": "bin/tsc",
        "tsserver": "bin/tsserver"
      },
      "engines": {
        "node": ">=14.17"
      }
    },
    "node_modules/w3c-keyname": {
      "version": "2.2.8",
      "resolved": "https://registry.npmjs.org/w3c-keyname/-/w3c-keyname-2.2.8.tgz",
      "integrity": "sha512-dpojBhNsCNN7T82Tm7k26A6G9ML3NkhDsnw9n/eoxSRlVBB4CEtIQ/KTCLI2Fwf3ataSXRhYFkQi3SlnFwPvPQ==",
      "license": "MIT"
    },
    "node_modules/web-tree-sitter": {
      "version": "0.26.11",
      "resolved": "https://registry.npmjs.org/web-tree-sitter/-/web-tree-sitter-0.26.11.tgz",
      "integrity": "sha512-Q5Dm3YTIXSXuH6FxX6RuzX2Qwpc4DPGiYMU87Wg5Z8OIStiQFiUex4zMDc0vBTw78EphaYJacncJghCHzbZptg==",
      "license": "MIT"
    },
    "node_modules/zimmerframe": {
      "version": "1.1.4",
      "resolved": "https://registry.npmjs.org/zimmerframe/-/zimmerframe-1.1.4.tgz",
      "integrity": "sha512-B58NGBEoc8Y9MWWCQGl/gq9xBCe4IiKM0a2x7GZdQKOW5Exr8S1W24J6OgM1njK8xCRGvAJIL/MxXHf6SkmQKQ==",
      "dev": true,
      "license": "MIT"
    }
  }
}
